
Microsoft Visual Studio Solution File, Format Version 12.00
# Visual Studio 15
VisualStudioVersion = 15.0.26124.0
MinimumVisualStudioVersion = 15.0.26124.0
Project("{FAE04EC0-301F-11D3-BF4B-00C04F79EFBC}") = "Auth.Api", "Auth.Api\Auth.Api.csproj", "{B4BB9FA0-CBD4-43E8-A105-64A2A598AD0D}"
EndProject
Project("{FAE04EC0-301F-11D3-BF4B-00C04F79EFBC}") = "Auth.Api.Common", "Auth.Api.Common\Auth.Api.Common.csproj", "{C448AF8D-A864-4801-A50B-9DA943205379}"
EndProject
Project("{FAE04EC0-301F-11D3-BF4B-00C04F79EFBC}") = "Auth.Api.Tests", "Auth.Api.Tests\Auth.Api.Tests.csproj", "{128839FD-6B68-4650-B93E-3B5F011B508B}"
EndProject
Project("{FAE04EC0-301F-11D3-BF4B-00C04F79EFBC}") = "Auth.Data", "Auth.Data\Auth.Data.csproj", "{0DF64F59-239B-4D17-A997-33E690A8E91D}"
EndProject
Project("{FAE04EC0-301F-11D3-BF4B-00C04F79EFBC}") = "Auth.Data.Common", "Auth.Data.Common\Auth.Data.Common.csproj", "{6A39E1F7-75E2-4B73-94C9-B2AD570CD4ED}"
EndProject
Project("{FAE04EC0-301F-11D3-BF4B-00C04F79EFBC}") = "Auth.Data.Tests", "Auth.Data.Tests\Auth.Data.Tests.csproj", "{A7732009-DFB5-4C4E-BBC5-99B014828BE7}"
EndProject
Global
	GlobalSection(SolutionConfigurationPlatforms) = preSolution
		Debug|Any CPU = Debug|Any CPU
		Debug|x64 = Debug|x64
		Debug|x86 = Debug|x86
		Release|Any CPU = Release|Any CPU
		Release|x64 = Release|x64
		Release|x86 = Release|x86
	EndGlobalSection
	GlobalSection(SolutionProperties) = preSolution
		HideSolutionNode = FALSE
	EndGlobalSection
	GlobalSection(ProjectConfigurationPlatforms) = postSolution
		{B4BB9FA0-CBD4-43E8-A105-64A2A598AD0D}.Debug|Any CPU.ActiveCfg = Debug|Any CPU
		{B4BB9FA0-CBD4-43E8-A105-64A2A598AD0D}.Debug|Any CPU.Build.0 = Debug|Any CPU
		{B4BB9FA0-CBD4-43E8-A105-64A2A598AD0D}.Debug|x64.ActiveCfg = Debug|Any CPU
		{B4BB9FA0-CBD4-43E8-A105-64A2A598AD0D}.Debug|x64.Build.0 = Debug|Any CPU
		{B4BB9FA0-CBD4-43E8-A105-64A2A598AD0D}.Debug|x86.ActiveCfg = Debug|Any CPU
		{B4BB9FA0-CBD4-43E8-A105-64A2A598AD0D}.Debug|x86.Build.0 = Debug|Any CPU
		{B4BB9FA0-CBD4-43E8-A105-64A2A598AD0D}.Release|Any CPU.ActiveCfg = Release|Any CPU
		{B4BB9FA0-CBD4-43E8-A105-64A2A598AD0D}.Release|Any CPU.Build.0 = Release|Any CPU
		{B4BB9FA0-CBD4-43E8-A105-64A2A598AD0D}.Release|x64.ActiveCfg = Release|Any CPU
		{B4BB9FA0-CBD4-43E8-A105-64A2A598AD0D}.Release|x64.Build.0 = Release|Any CPU
		{B4BB9FA0-CBD4-43E8-A105-64A2A598AD0D}.Release|x86.ActiveCfg = Release|Any CPU
		{B4BB9FA0-CBD4-43E8-A105-64A2A598AD0D}.Release|x86.Build.0 = Release|Any CPU
		{C448AF8D-A864-4801-A50B-9DA943205379}.Debug|Any CPU.ActiveCfg = Debug|Any CPU
		{C448AF8D-A864-4801-A50B-9DA943205379}.Debug|Any CPU.Build.0 = Debug|Any CPU
		{C448AF8D-A864-4801-A50B-9DA943205379}.Debug|x64.ActiveCfg = Debug|Any CPU
		{C448AF8D-A864-4801-A50B-9DA943205379}.Debug|x64.Build.0 = Debug|Any CPU
		{C448AF8D-A864-4801-A50B-9DA943205379}.Debug|x86.ActiveCfg = Debug|Any CPU
		{C448AF8D-A864-4801-A50B-9DA943205379}.Debug|x86.Build.0 = Debug|Any CPU
		{C448AF8D-A864-4801-A50B-9DA943205379}.Release|Any CPU.ActiveCfg = Release|Any CPU
		{C448AF8D-A864-4801-A50B-9DA943205379}.Release|Any CPU.Build.0 = Release|Any CPU
		{C448AF8D-A864-4801-A50B-9DA943205379}.Release|x64.ActiveCfg = Release|Any CPU
		{C448AF8D-A864-4801-A50B-9DA943205379}.Release|x64.Build.0 = Release|Any CPU
		{C448AF8D-A864-4801-A50B-9DA943205379}.Release|x86.ActiveCfg = Release|Any CPU
		{C448AF8D-A864-4801-A50B-9DA943205379}.Release|x86.Build.0 = Release|Any CPU
		{128839FD-6B68-4650-B93E-3B5F011B508B}.Debug|Any CPU.ActiveCfg = Debug|Any CPU
		{128839FD-6B68-4650-B93E-3B5F011B508B}.Debug|Any CPU.Build.0 = Debug|Any CPU
		{128839FD-6B68-4650-B93E-3B5F011B508B}.Debug|x64.ActiveCfg = Debug|Any CPU
		{128839FD-6B68-4650-B93E-3B5F011B508B}.Debug|x64.Build.0 = Debug|Any CPU
		{128839FD-6B68-4650-B93E-3B5F011B508B}.Debug|x86.ActiveCfg = Debug|Any CPU
		{128839FD-6B68-4650-B93E-3B5F011B508B}.Debug|x86.Build.0 = Debug|Any CPU
		{128839FD-6B68-4650-B93E-3B5F011B508B}.Release|Any CPU.ActiveCfg = Release|Any CPU
		{128839FD-6B68-4650-B93E-3B5F011B508B}.Release|Any CPU.Build.0 = Release|Any CPU
		{128839FD-6B68-4650-B93E-3B5F011B508B}.Release|x64.ActiveCfg = Release|Any CPU
		{128839FD-6B68-4650-B93E-3B5F011B508B}.Release|x64.Build.0 = Release|Any CPU
		{128839FD-6B68-4650-B93E-3B5F011B508B}.Release|x86.ActiveCfg = Release|Any CPU
		{128839FD-6B68-4650-B93E-3B5F011B508B}.Release|x86.Build.0 = Release|Any CPU
		{0DF64F59-239B-4D17-A997-33E690A8E91D}.Debug|Any CPU.ActiveCfg = Debug|Any CPU
		{0DF64F59-239B-4D17-A997-33E690A8E91D}.Debug|Any CPU.Build.0 = Debug|Any CPU
		{0DF64F59-239B-4D17-A997-33E690A8E91D}.Debug|x64.ActiveCfg = Debug|Any CPU
		{0DF64F59-239B-4D17-A997-33E690A8E91D}.Debug|x64.Build.0 = Debug|Any CPU
		{0DF64F59-239B-4D17-A997-33E690A8E91D}.Debug|x86.ActiveCfg = Debug|Any CPU
		{0DF64F59-239B-4D17-A997-33E690A8E91D}.Debug|x86.Build.0 = Debug|Any CPU
		{0DF64F59-239B-4D17-A997-33E690A8E91D}.Release|Any CPU.ActiveCfg = Release|Any CPU
		{0DF64F59-239B-4D17-A997-33E690A8E91D}.Release|Any CPU.Build.0 = Release|Any CPU
		{0DF64F59-239B-4D17-A997-33E690A8E91D}.Release|x64.ActiveCfg = Release|Any CPU
		{0DF64F59-239B-4D17-A997-33E690A8E91D}.Release|x64.Build.0 = Release|Any CPU
		{0DF64F59-239B-4D17-A997-33E690A8E91D}.Release|x86.ActiveCfg = Release|Any CPU
		{0DF64F59-239B-4D17-A997-33E690A8E91D}.Release|x86.Build.0 = Release|Any CPU
		{6A39E1F7-75E2-4B73-94C9-B2AD570CD4ED}.Debug|Any CPU.ActiveCfg = Debug|Any CPU
		{6A39E1F7-75E2-4B73-94C9-B2AD570CD4ED}.Debug|Any CPU.Build.0 = Debug|Any CPU
		{6A39E1F7-75E2-4B73-94C9-B2AD570CD4ED}.Debug|x64.ActiveCfg = Debug|Any CPU
		{6A39E1F7-75E2-4B73-94C9-B2AD570CD4ED}.Debug|x64.Build.0 = Debug|Any CPU
		{6A39E1F7-75E2-4B73-94C9-B2AD570CD4ED}.Debug|x86.ActiveCfg = Debug|Any CPU
		{6A39E1F7-75E2-4B73-94C9-B2AD570CD4ED}.Debug|x86.Build.0 = Debug|Any CPU
		{6A39E1F7-75E2-4B73-94C9-B2AD570CD4ED}.Release|Any CPU.ActiveCfg = Release|Any CPU
		{6A39E1F7-75E2-4B73-94C9-B2AD570CD4ED}.Release|Any CPU.Build.0 = Release|Any CPU
		{6A39E1F7-75E2-4B73-94C9-B2AD570CD4ED}.Release|x64.ActiveCfg = Release|Any CPU
		{6A39E1F7-75E2-4B73-94C9-B2AD570CD4ED}.Release|x64.Build.0 = Release|Any CPU
		{6A39E1F7-75E2-4B73-94C9-B2AD570CD4ED}.Release|x86.ActiveCfg = Release|Any CPU
		{6A39E1F7-75E2-4B73-94C9-B2AD570CD4ED}.Release|x86.Build.0 = Release|Any CPU
		{A7732009-DFB5-4C4E-BBC5-99B014828BE7}.Debug|Any CPU.ActiveCfg = Debug|Any CPU
		{A7732009-DFB5-4C4E-BBC5-99B014828BE7}.Debug|Any CPU.Build.0 = Debug|Any CPU
		{A7732009-DFB5-4C4E-BBC5-99B014828BE7}.Debug|x64.ActiveCfg = Debug|Any CPU
		{A7732009-DFB5-4C4E-BBC5-99B014828BE7}.Debug|x64.Build.0 = Debug|Any CPU
		{A7732009-DFB5-4C4E-BBC5-99B014828BE7}.Debug|x86.ActiveCfg = Debug|Any CPU
		{A7732009-DFB5-4C4E-BBC5-99B014828BE7}.Debug|x86.Build.0 = Debug|Any CPU
		{A7732009-DFB5-4C4E-BBC5-99B014828BE7}.Release|Any CPU.ActiveCfg = Release|Any CPU
		{A7732009-DFB5-4C4E-BBC5-99B014828BE7}.Release|Any CPU.Build.0 = Release|Any CPU
		{A7732009-DFB5-4C4E-BBC5-99B014828BE7}.Release|x64.ActiveCfg = Release|Any CPU
		{A7732009-DFB5-4C4E-BBC5-99B014828BE7}.Release|x64.Build.0 = Release|Any CPU
		{A7732009-DFB5-4C4E-BBC5-99B014828BE7}.Release|x86.ActiveCfg = Release|Any CPU
		{A7732009-DFB5-4C4E-BBC5-99B014828BE7}.Release|x86.Build.0 = Release|Any CPU
	EndGlobalSection
EndGlobal
